
Microsoft Visual Studio Solution File, Format Version 12.00
# Visual Studio 15
Project("{FAE04EC0-301F-11D3-BF4B-00C04F79EFBC}") = "HalloVR", "HalloVR.csproj", "{6B072C86-6610-3AB8-BACB-8C862AB2CE94}"
EndProject
Project("{FAE04EC0-301F-11D3-BF4B-00C04F79EFBC}") = "ScriptInspector", "ScriptInspector.csproj", "{FB839B48-07BB-B1AE-F185-36B3F0BF3F0D}"
EndProject
Project("{FAE04EC0-301F-11D3-BF4B-00C04F79EFBC}") = "HalloVR.Editor", "HalloVR.Editor.csproj", "{55AA8DC2-E757-B9DB-6B4E-3003E1DCACEA}"
EndProject
Global
	GlobalSection(SolutionConfigurationPlatforms) = preSolution
		Debug|Any CPU = Debug|Any CPU
		Release|Any CPU = Release|Any CPU
	EndGlobalSection
	GlobalSection(ProjectConfigurationPlatforms) = postSolution
		{6B072C86-6610-3AB8-BACB-8C862AB2CE94}.Debug|Any CPU.ActiveCfg = Debug|Any CPU
		{6B072C86-6610-3AB8-BACB-8C862AB2CE94}.Debug|Any CPU.Build.0 = Debug|Any CPU
		{6B072C86-6610-3AB8-BACB-8C862AB2CE94}.Release|Any CPU.ActiveCfg = Release|Any CPU
		{6B072C86-6610-3AB8-BACB-8C862AB2CE94}.Release|Any CPU.Build.0 = Release|Any CPU
		{FB839B48-07BB-B1AE-F185-36B3F0BF3F0D}.Debug|Any CPU.ActiveCfg = Debug|Any CPU
		{FB839B48-07BB-B1AE-F185-36B3F0BF3F0D}.Debug|Any CPU.Build.0 = Debug|Any CPU
		{FB839B48-07BB-B1AE-F185-36B3F0BF3F0D}.Release|Any CPU.ActiveCfg = Release|Any CPU
		{FB839B48-07BB-B1AE-F185-36B3F0BF3F0D}.Release|Any CPU.Build.0 = Release|Any CPU
		{55AA8DC2-E757-B9DB-6B4E-3003E1DCACEA}.Debug|Any CPU.ActiveCfg = Debug|Any CPU
		{55AA8DC2-E757-B9DB-6B4E-3003E1DCACEA}.Debug|Any CPU.Build.0 = Debug|Any CPU
		{55AA8DC2-E757-B9DB-6B4E-3003E1DCACEA}.Release|Any CPU.ActiveCfg = Release|Any CPU
		{55AA8DC2-E757-B9DB-6B4E-3003E1DCACEA}.Release|Any CPU.Build.0 = Release|Any CPU
	EndGlobalSection
	GlobalSection(SolutionProperties) = preSolution
		HideSolutionNode = FALSE
	EndGlobalSection
EndGlobal
